{
  "name": "protocol-hardhat",
  "version": "1.0.0",
  "lockfileVersion": 3,
  "requires": true,
  "packages": {
    "": {
      "name": "protocol-hardhat",
      "version": "1.0.0",
      "devDependencies": {
        "@openzeppelin/contracts": "file:./local_stubs/openzeppelin-contracts",
        "hardhat": "file:./local_stubs/hardhat"
      }
    },
    "node_modules/@openzeppelin/contracts": {
      "version": "0.0.0-protocol-stub",
      "resolved": "file:local_stubs/openzeppelin-contracts",
      "dev": true
    },
    "node_modules/hardhat": {
      "version": "0.0.0-protocol-stub",
      "resolved": "file:local_stubs/hardhat",
      "dev": true
    }
  }
}
